// !$*UTF8*$!
{
	archiveVersion = 1;
	classes = {
	};
	objectVersion = 46;
	objects = {

/* Begin PBXBuildFile section */
		731125901C507BB3000F017C /* JuheApisSDK.a in Frameworks */ = {isa = PBXBuildFile; fileRef = 7311258F1C507BB3000F017C /* JuheApisSDK.a */; };
		731125971C50A2D8000F017C /* newsViewController.m in Sources */ = {isa = PBXBuildFile; fileRef = 731125961C50A2D8000F017C /* newsViewController.m */; };
		731B2DC41C51054200DB8D84 /* futureWeayherViewController.m in Sources */ = {isa = PBXBuildFile; fileRef = 731B2DC31C51054200DB8D84 /* futureWeayherViewController.m */; };
		733323C21C53558100D7B272 /* AppDelegate.m in Sources */ = {isa = PBXBuildFile; fileRef = 733323C11C53558100D7B272 /* AppDelegate.m */; };
		733323C51C53561B00D7B272 /* Main.storyboard in Resources */ = {isa = PBXBuildFile; fileRef = 733323C31C53561B00D7B272 /* Main.storyboard */; };
		739941421C4F6A0B003703F6 /* main.m in Sources */ = {isa = PBXBuildFile; fileRef = 739941411C4F6A0B003703F6 /* main.m */; };
		7399415B1C4F6A0B003703F6 /* ___Tests.m in Sources */ = {isa = PBXBuildFile; fileRef = 7399415A1C4F6A0B003703F6 /* ___Tests.m */; };
		739941661C4F6A0B003703F6 /* ___UITests.m in Sources */ = {isa = PBXBuildFile; fileRef = 739941651C4F6A0B003703F6 /* ___UITests.m */; };
		739941811C4F6A25003703F6 /* AFHTTPSessionManager.m in Sources */ = {isa = PBXBuildFile; fileRef = 739941751C4F6A25003703F6 /* AFHTTPSessionManager.m */; };
		739941821C4F6A25003703F6 /* AFNetworkReachabilityManager.m in Sources */ = {isa = PBXBuildFile; fileRef = 739941781C4F6A25003703F6 /* AFNetworkReachabilityManager.m */; };
		739941831C4F6A25003703F6 /* AFSecurityPolicy.m in Sources */ = {isa = PBXBuildFile; fileRef = 7399417A1C4F6A25003703F6 /* AFSecurityPolicy.m */; };
		739941841C4F6A25003703F6 /* AFURLRequestSerialization.m in Sources */ = {isa = PBXBuildFile; fileRef = 7399417C1C4F6A25003703F6 /* AFURLRequestSerialization.m */; };
		739941851C4F6A25003703F6 /* AFURLResponseSerialization.m in Sources */ = {isa = PBXBuildFile; fileRef = 7399417E1C4F6A25003703F6 /* AFURLResponseSerialization.m */; };
		739941861C4F6A25003703F6 /* AFURLSessionManager.m in Sources */ = {isa = PBXBuildFile; fileRef = 739941801C4F6A25003703F6 /* AFURLSessionManager.m */; };
		7399418E1C4F6A8B003703F6 /* weatherViewController.m in Sources */ = {isa = PBXBuildFile; fileRef = 7399418D1C4F6A8B003703F6 /* weatherViewController.m */; };
		7399419B1C4F6AFD003703F6 /* userViewController.m in Sources */ = {isa = PBXBuildFile; fileRef = 7399419A1C4F6AFD003703F6 /* userViewController.m */; };
		739941A61C4F6C88003703F6 /* cloud.jpg in Resources */ = {isa = PBXBuildFile; fileRef = 7399419C1C4F6C88003703F6 /* cloud.jpg */; };
		739941A71C4F6C88003703F6 /* cloudy.jpg in Resources */ = {isa = PBXBuildFile; fileRef = 7399419D1C4F6C88003703F6 /* cloudy.jpg */; };
		739941A81C4F6C88003703F6 /* fog.jpg in Resources */ = {isa = PBXBuildFile; fileRef = 7399419E1C4F6C88003703F6 /* fog.jpg */; };
		739941A91C4F6C88003703F6 /* night.jpg in Resources */ = {isa = PBXBuildFile; fileRef = 7399419F1C4F6C88003703F6 /* night.jpg */; };
		739941AA1C4F6C88003703F6 /* nightcloud.jpg in Resources */ = {isa = PBXBuildFile; fileRef = 739941A01C4F6C88003703F6 /* nightcloud.jpg */; };
		739941AB1C4F6C88003703F6 /* rain.jpg in Resources */ = {isa = PBXBuildFile; fileRef = 739941A11C4F6C88003703F6 /* rain.jpg */; };
		739941AC1C4F6C88003703F6 /* sandstorm.jpg in Resources */ = {isa = PBXBuildFile; fileRef = 739941A21C4F6C88003703F6 /* sandstorm.jpg */; };
		739941AD1C4F6C88003703F6 /* snow.jpg in Resources */ = {isa = PBXBuildFile; fileRef = 739941A31C4F6C88003703F6 /* snow.jpg */; };
		739941AE1C4F6C88003703F6 /* sunny.jpg in Resources */ = {isa = PBXBuildFile; fileRef = 739941A41C4F6C88003703F6 /* sunny.jpg */; };
		739941AF1C4F6C88003703F6 /* thunderstorm.jpg in Resources */ = {isa = PBXBuildFile; fileRef = 739941A51C4F6C88003703F6 /* thunderstorm.jpg */; };
		739941B21C4F6DCF003703F6 /* icon.png in Resources */ = {isa = PBXBuildFile; fileRef = 739941B11C4F6DCF003703F6 /* icon.png */; };
		739941B61C4F6F0A003703F6 /* citysViewController.m in Sources */ = {isa = PBXBuildFile; fileRef = 739941B51C4F6F0A003703F6 /* citysViewController.m */; };
		739941B81C4F6F2B003703F6 /* O.png in Resources */ = {isa = PBXBuildFile; fileRef = 739941B71C4F6F2B003703F6 /* O.png */; };
		739941BA1C4F7A4F003703F6 /* city.plist in Resources */ = {isa = PBXBuildFile; fileRef = 739941B91C4F7A4F003703F6 /* city.plist */; };
		73B2F5891C51DFFC00CCB9C6 /* secondNewsViewController.m in Sources */ = {isa = PBXBuildFile; fileRef = 73B2F5881C51DFFC00CCB9C6 /* secondNewsViewController.m */; };
		73B2F58C1C51EF8A00CCB9C6 /* thirdViewController.m in Sources */ = {isa = PBXBuildFile; fileRef = 73B2F58B1C51EF8A00CCB9C6 /* thirdViewController.m */; };
		73B2F5901C5219DC00CCB9C6 /* a.png in Resources */ = {isa = PBXBuildFile; fileRef = 73B2F58F1C5219DC00CCB9C6 /* a.png */; };
		73EF25971C51BC5700134FD8 /* futureWeatherModel.m in Sources */ = {isa = PBXBuildFile; fileRef = 73EF25961C51BC5700134FD8 /* futureWeatherModel.m */; };
		73FF67DE1C54C5080038CA62 /* Assets.xcassets in Resources */ = {isa = PBXBuildFile; fileRef = 73FF67DD1C54C5080038CA62 /* Assets.xcassets */; };
		73FF67E11C54C6DC0038CA62 /* LaunchScreen.storyboard in Resources */ = {isa = PBXBuildFile; fileRef = 73FF67DF1C54C6DC0038CA62 /* LaunchScreen.storyboard */; };
/* End PBXBuildFile section */

/* Begin PBXContainerItemProxy section */
		739941571C4F6A0B003703F6 /* PBXContainerItemProxy */ = {
			isa = PBXContainerItemProxy;
			containerPortal = 739941351C4F6A0B003703F6 /* Project object */;
			proxyType = 1;
			remoteGlobalIDString = 7399413C1C4F6A0B003703F6;
			remoteInfo = "小精灵";
		};
		739941621C4F6A0B003703F6 /* PBXContainerItemProxy */ = {
			isa = PBXContainerItemProxy;
			containerPortal = 739941351C4F6A0B003703F6 /* Project object */;
			proxyType = 1;
			remoteGlobalIDString = 7399413C1C4F6A0B003703F6;
			remoteInfo = "小精灵";
		};
/* End PBXContainerItemProxy section */

/* Begin PBXFileReference section */
		7311258D1C507BB3000F017C /* JHAPISDK.h */ = {isa = PBXFileReference; fileEncoding = 4; lastKnownFileType = sourcecode.c.h; path = JHAPISDK.h; sourceTree = "<group>"; };
		7311258E1C507BB3000F017C /* JHOpenidSupplier.h */ = {isa = PBXFileReference; fileEncoding = 4; lastKnownFileType = sourcecode.c.h; path = JHOpenidSupplier.h; sourceTree = "<group>"; };
		7311258F1C507BB3000F017C /* JuheApisSDK.a */ = {isa = PBXFileReference; lastKnownFileType = archive.ar; path = JuheApisSDK.a; sourceTree = "<group>"; };
		731125951C50A2D8000F017C /* newsViewController.h */ = {isa = PBXFileReference; fileEncoding = 4; lastKnownFileType = sourcecode.c.h; path = newsViewController.h; sourceTree = "<group>"; };
		731125961C50A2D8000F017C /* newsViewController.m */ = {isa = PBXFileReference; fileEncoding = 4; lastKnownFileType = sourcecode.c.objc; path = newsViewController.m; sourceTree = "<group>"; };
		731B2DC21C51054200DB8D84 /* futureWeayherViewController.h */ = {isa = PBXFileReference; fileEncoding = 4; lastKnownFileType = sourcecode.c.h; path = futureWeayherViewController.h; sourceTree = "<group>"; };
		731B2DC31C51054200DB8D84 /* futureWeayherViewController.m */ = {isa = PBXFileReference; fileEncoding = 4; lastKnownFileType = sourcecode.c.objc; path = futureWeayherViewController.m; sourceTree = "<group>"; };
		733323C01C53558100D7B272 /* AppDelegate.h */ = {isa = PBXFileReference; fileEncoding = 4; lastKnownFileType = sourcecode.c.h; name = AppDelegate.h; path = "小精灵/AppDelegate.h"; sourceTree = SOURCE_ROOT; };
		733323C11C53558100D7B272 /* AppDelegate.m */ = {isa = PBXFileReference; fileEncoding = 4; lastKnownFileType = sourcecode.c.objc; name = AppDelegate.m; path = "小精灵/AppDelegate.m"; sourceTree = SOURCE_ROOT; };
		733323C41C53561B00D7B272 /* Base */ = {isa = PBXFileReference; lastKnownFileType = file.storyboard; name = Base; path = "小精灵/Base.lproj/Main.storyboard"; sourceTree = SOURCE_ROOT; };
		7334908E1C5619FC0049B02D /* Info.plist */ = {isa = PBXFileReference; fileEncoding = 4; lastKnownFileType = text.plist.xml; name = Info.plist; path = "小精灵/Info.plist"; sourceTree = SOURCE_ROOT; };
		7399413D1C4F6A0B003703F6 /* 小精灵.app */ = {isa = PBXFileReference; explicitFileType = wrapper.application; includeInIndex = 0; path = "小精灵.app"; sourceTree = BUILT_PRODUCTS_DIR; };
		739941411C4F6A0B003703F6 /* main.m */ = {isa = PBXFileReference; lastKnownFileType = sourcecode.c.objc; path = main.m; sourceTree = "<group>"; };
		739941561C4F6A0B003703F6 /* 小精灵Tests.xctest */ = {isa = PBXFileReference; explicitFileType = wrapper.cfbundle; includeInIndex = 0; path = "小精灵Tests.xctest"; sourceTree = BUILT_PRODUCTS_DIR; };
		7399415A1C4F6A0B003703F6 /* ___Tests.m */ = {isa = PBXFileReference; lastKnownFileType = sourcecode.c.objc; path = "___Tests.m"; sourceTree = "<group>"; };
		7399415C1C4F6A0B003703F6 /* Info.plist */ = {isa = PBXFileReference; lastKnownFileType = text.plist.xml; path = Info.plist; sourceTree = "<group>"; };
		739941611C4F6A0B003703F6 /* 小精灵UITests.xctest */ = {isa = PBXFileReference; explicitFileType = wrapper.cfbundle; includeInIndex = 0; path = "小精灵UITests.xctest"; sourceTree = BUILT_PRODUCTS_DIR; };
		739941651C4F6A0B003703F6 /* ___UITests.m */ = {isa = PBXFileReference; lastKnownFileType = sourcecode.c.objc; path = "___UITests.m"; sourceTree = "<group>"; };
		739941671C4F6A0B003703F6 /* Info.plist */ = {isa = PBXFileReference; lastKnownFileType = text.plist.xml; path = Info.plist; sourceTree = "<group>"; };
		739941741C4F6A25003703F6 /* AFHTTPSessionManager.h */ = {isa = PBXFileReference; fileEncoding = 4; lastKnownFileType = sourcecode.c.h; path = AFHTTPSessionManager.h; sourceTree = "<group>"; };
		739941751C4F6A25003703F6 /* AFHTTPSessionManager.m */ = {isa = PBXFileReference; fileEncoding = 4; lastKnownFileType = sourcecode.c.objc; path = AFHTTPSessionManager.m; sourceTree = "<group>"; };
		739941761C4F6A25003703F6 /* AFNetworking.h */ = {isa = PBXFileReference; fileEncoding = 4; lastKnownFileType = sourcecode.c.h; path = AFNetworking.h; sourceTree = "<group>"; };
		739941771C4F6A25003703F6 /* AFNetworkReachabilityManager.h */ = {isa = PBXFileReference; fileEncoding = 4; lastKnownFileType = sourcecode.c.h; path = AFNetworkReachabilityManager.h; sourceTree = "<group>"; };
		739941781C4F6A25003703F6 /* AFNetworkReachabilityManager.m */ = {isa = PBXFileReference; fileEncoding = 4; lastKnownFileType = sourcecode.c.objc; path = AFNetworkReachabilityManager.m; sourceTree = "<group>"; };
		739941791C4F6A25003703F6 /* AFSecurityPolicy.h */ = {isa = PBXFileReference; fileEncoding = 4; lastKnownFileType = sourcecode.c.h; path = AFSecurityPolicy.h; sourceTree = "<group>"; };
		7399417A1C4F6A25003703F6 /* AFSecurityPolicy.m */ = {isa = PBXFileReference; fileEncoding = 4; lastKnownFileType = sourcecode.c.objc; path = AFSecurityPolicy.m; sourceTree = "<group>"; };
		7399417B1C4F6A25003703F6 /* AFURLRequestSerialization.h */ = {isa = PBXFileReference; fileEncoding = 4; lastKnownFileType = sourcecode.c.h; path = AFURLRequestSerialization.h; sourceTree = "<group>"; };
		7399417C1C4F6A25003703F6 /* AFURLRequestSerialization.m */ = {isa = PBXFileReference; fileEncoding = 4; lastKnownFileType = sourcecode.c.objc; path = AFURLRequestSerialization.m; sourceTree = "<group>"; };
		7399417D1C4F6A25003703F6 /* AFURLResponseSerialization.h */ = {isa = PBXFileReference; fileEncoding = 4; lastKnownFileType = sourcecode.c.h; path = AFURLResponseSerialization.h; sourceTree = "<group>"; };
		7399417E1C4F6A25003703F6 /* AFURLResponseSerialization.m */ = {isa = PBXFileReference; fileEncoding = 4; lastKnownFileType = sourcecode.c.objc; path = AFURLResponseSerialization.m; sourceTree = "<group>"; };
		7399417F1C4F6A25003703F6 /* AFURLSessionManager.h */ = {isa = PBXFileReference; fileEncoding = 4; lastKnownFileType = sourcecode.c.h; path = AFURLSessionManager.h; sourceTree = "<group>"; };
		739941801C4F6A25003703F6 /* AFURLSessionManager.m */ = {isa = PBXFileReference; fileEncoding = 4; lastKnownFileType = sourcecode.c.objc; path = AFURLSessionManager.m; sourceTree = "<group>"; };
		7399418C1C4F6A8B003703F6 /* weatherViewController.h */ = {isa = PBXFileReference; fileEncoding = 4; lastKnownFileType = sourcecode.c.h; path = weatherViewController.h; sourceTree = "<group>"; };
		7399418D1C4F6A8B003703F6 /* weatherViewController.m */ = {isa = PBXFileReference; fileEncoding = 4; lastKnownFileType = sourcecode.c.objc; path = weatherViewController.m; sourceTree = "<group>"; };
		739941991C4F6AFD003703F6 /* userViewController.h */ = {isa = PBXFileReference; fileEncoding = 4; lastKnownFileType = sourcecode.c.h; path = userViewController.h; sourceTree = "<group>"; };
		7399419A1C4F6AFD003703F6 /* userViewController.m */ = {isa = PBXFileReference; fileEncoding = 4; lastKnownFileType = sourcecode.c.objc; path = userViewController.m; sourceTree = "<group>"; };
		7399419C1C4F6C88003703F6 /* cloud.jpg */ = {isa = PBXFileReference; lastKnownFileType = image.jpeg; path = cloud.jpg; sourceTree = "<group>"; };
		7399419D1C4F6C88003703F6 /* cloudy.jpg */ = {isa = PBXFileReference; lastKnownFileType = image.jpeg; path = cloudy.jpg; sourceTree = "<group>"; };
		7399419E1C4F6C88003703F6 /* fog.jpg */ = {isa = PBXFileReference; lastKnownFileType = image.jpeg; path = fog.jpg; sourceTree = "<group>"; };
		7399419F1C4F6C88003703F6 /* night.jpg */ = {isa = PBXFileReference; lastKnownFileType = image.jpeg; path = night.jpg; sourceTree = "<group>"; };
		739941A01C4F6C88003703F6 /* nightcloud.jpg */ = {isa = PBXFileReference; lastKnownFileType = image.jpeg; path = nightcloud.jpg; sourceTree = "<group>"; };
		739941A11C4F6C88003703F6 /* rain.jpg */ = {isa = PBXFileReference; lastKnownFileType = image.jpeg; path = rain.jpg; sourceTree = "<group>"; };
		739941A21C4F6C88003703F6 /* sandstorm.jpg */ = {isa = PBXFileReference; lastKnownFileType = image.jpeg; path = sandstorm.jpg; sourceTree = "<group>"; };
		739941A31C4F6C88003703F6 /* snow.jpg */ = {isa = PBXFileReference; lastKnownFileType = image.jpeg; path = snow.jpg; sourceTree = "<group>"; };
		739941A41C4F6C88003703F6 /* sunny.jpg */ = {isa = PBXFileReference; lastKnownFileType = image.jpeg; path = sunny.jpg; sourceTree = "<group>"; };
		739941A51C4F6C88003703F6 /* thunderstorm.jpg */ = {isa = PBXFileReference; lastKnownFileType = image.jpeg; path = thunderstorm.jpg; sourceTree = "<group>"; };
		739941B11C4F6DCF003703F6 /* icon.png */ = {isa = PBXFileReference; lastKnownFileType = image.png; path = icon.png; sourceTree = "<group>"; };
		739941B41C4F6F0A003703F6 /* citysViewController.h */ = {isa = PBXFileReference; fileEncoding = 4; lastKnownFileType = sourcecode.c.h; path = citysViewController.h; sourceTree = "<group>"; };
		739941B51C4F6F0A003703F6 /* citysViewController.m */ = {isa = PBXFileReference; fileEncoding = 4; lastKnownFileType = sourcecode.c.objc; path = citysViewController.m; sourceTree = "<group>"; };
		739941B71C4F6F2B003703F6 /* O.png */ = {isa = PBXFileReference; lastKnownFileType = image.png; path = O.png; sourceTree = "<group>"; };
		739941B91C4F7A4F003703F6 /* city.plist */ = {isa = PBXFileReference; lastKnownFileType = file.bplist; path = city.plist; sourceTree = "<group>"; };
		739941BB1C4F7C7A003703F6 /* Header.h */ = {isa = PBXFileReference; lastKnownFileType = sourcecode.c.h; path = Header.h; sourceTree = "<group>"; };
		73B2F5871C51DFFC00CCB9C6 /* secondNewsViewController.h */ = {isa = PBXFileReference; fileEncoding = 4; lastKnownFileType = sourcecode.c.h; path = secondNewsViewController.h; sourceTree = "<group>"; };
		73B2F5881C51DFFC00CCB9C6 /* secondNewsViewController.m */ = {isa = PBXFileReference; fileEncoding = 4; lastKnownFileType = sourcecode.c.objc; path = secondNewsViewController.m; sourceTree = "<group>"; };
		73B2F58A1C51EF8A00CCB9C6 /* thirdViewController.h */ = {isa = PBXFileReference; fileEncoding = 4; lastKnownFileType = sourcecode.c.h; path = thirdViewController.h; sourceTree = "<group>"; };
		73B2F58B1C51EF8A00CCB9C6 /* thirdViewController.m */ = {isa = PBXFileReference; fileEncoding = 4; lastKnownFileType = sourcecode.c.objc; path = thirdViewController.m; sourceTree = "<group>"; };
		73B2F58F1C5219DC00CCB9C6 /* a.png */ = {isa = PBXFileReference; lastKnownFileType = image.png; path = a.png; sourceTree = "<group>"; };
		73EF25951C51BC5700134FD8 /* futureWeatherModel.h */ = {isa = PBXFileReference; fileEncoding = 4; lastKnownFileType = sourcecode.c.h; path = futureWeatherModel.h; sourceTree = "<group>"; };
		73EF25961C51BC5700134FD8 /* futureWeatherModel.m */ = {isa = PBXFileReference; fileEncoding = 4; lastKnownFileType = sourcecode.c.objc; path = futureWeatherModel.m; sourceTree = "<group>"; };
		73FF67DD1C54C5080038CA62 /* Assets.xcassets */ = {isa = PBXFileReference; lastKnownFileType = folder.assetcatalog; name = Assets.xcassets; path = "小精灵/Assets.xcassets"; sourceTree = SOURCE_ROOT; };
		73FF67E01C54C6DC0038CA62 /* Base */ = {isa = PBXFileReference; lastKnownFileType = file.storyboard; name = Base; path = "小精灵/Base.lproj/LaunchScreen.storyboard"; sourceTree = SOURCE_ROOT; };
/* End PBXFileReference section */

/* Begin PBXFrameworksBuildPhase section */
		7399413A1C4F6A0B003703F6 /* Frameworks */ = {
			isa = PBXFrameworksBuildPhase;
			buildActionMask = 2147483647;
			files = (
				731125901C507BB3000F017C /* JuheApisSDK.a in Frameworks */,
			);
			runOnlyForDeploymentPostprocessing = 0;
		};
		739941531C4F6A0B003703F6 /* Frameworks */ = {
			isa = PBXFrameworksBuildPhase;
			buildActionMask = 2147483647;
			files = (
			);
			runOnlyForDeploymentPostprocessing = 0;
		};
		7399415E1C4F6A0B003703F6 /* Frameworks */ = {
			isa = PBXFrameworksBuildPhase;
			buildActionMask = 2147483647;
			files = (
			);
			runOnlyForDeploymentPostprocessing = 0;
		};
/* End PBXFrameworksBuildPhase section */

/* Begin PBXGroup section */
		7311258A1C507BB3000F017C /* JuheApisSDK */ = {
			isa = PBXGroup;
			children = (
				7311258B1C507BB3000F017C /* include */,
				7311258F1C507BB3000F017C /* JuheApisSDK.a */,
			);
			path = JuheApisSDK;
			sourceTree = "<group>";
		};
		7311258B1C507BB3000F017C /* include */ = {
			isa = PBXGroup;
			children = (
				7311258C1C507BB3000F017C /* JuheApisSDK */,
			);
			path = include;
			sourceTree = "<group>";
		};
		7311258C1C507BB3000F017C /* JuheApisSDK */ = {
			isa = PBXGroup;
			children = (
				7311258D1C507BB3000F017C /* JHAPISDK.h */,
				7311258E1C507BB3000F017C /* JHOpenidSupplier.h */,
			);
			path = JuheApisSDK;
			sourceTree = "<group>";
		};
		731125941C50A2B5000F017C /* News */ = {
			isa = PBXGroup;
			children = (
				731125951C50A2D8000F017C /* newsViewController.h */,
				731125961C50A2D8000F017C /* newsViewController.m */,
				73B2F5871C51DFFC00CCB9C6 /* secondNewsViewController.h */,
				73B2F5881C51DFFC00CCB9C6 /* secondNewsViewController.m */,
				73B2F58A1C51EF8A00CCB9C6 /* thirdViewController.h */,
				73B2F58B1C51EF8A00CCB9C6 /* thirdViewController.m */,
			);
			name = News;
			sourceTree = "<group>";
		};
		739941341C4F6A0B003703F6 = {
			isa = PBXGroup;
			children = (
				7399413F1C4F6A0B003703F6 /* 小精灵 */,
				739941591C4F6A0B003703F6 /* 小精灵Tests */,
				739941641C4F6A0B003703F6 /* 小精灵UITests */,
				7399413E1C4F6A0B003703F6 /* Products */,
			);
			sourceTree = "<group>";
		};
		7399413E1C4F6A0B003703F6 /* Products */ = {
			isa = PBXGroup;
			children = (
				7399413D1C4F6A0B003703F6 /* 小精灵.app */,
				739941561C4F6A0B003703F6 /* 小精灵Tests.xctest */,
				739941611C4F6A0B003703F6 /* 小精灵UITests.xctest */,
			);
			name = Products;
			sourceTree = "<group>";
		};
		7399413F1C4F6A0B003703F6 /* 小精灵 */ = {
			isa = PBXGroup;
			children = (
				7399418A1C4F6A38003703F6 /* Source */,
				739941891C4F6A38003703F6 /* Models */,
				7399418B1C4F6A38003703F6 /* Views */,
				739941871C4F6A38003703F6 /* Controllers */,
				739941881C4F6A38003703F6 /* misc */,
				739941401C4F6A0B003703F6 /* Supporting Files */,
			);
			path = "小精灵";
			sourceTree = "<group>";
		};
		739941401C4F6A0B003703F6 /* Supporting Files */ = {
			isa = PBXGroup;
			children = (
				739941B91C4F7A4F003703F6 /* city.plist */,
				73B2F58F1C5219DC00CCB9C6 /* a.png */,
				739941B71C4F6F2B003703F6 /* O.png */,
				739941B11C4F6DCF003703F6 /* icon.png */,
				739941B01C4F6C93003703F6 /* weather */,
				739941411C4F6A0B003703F6 /* main.m */,
			);
			name = "Supporting Files";
			sourceTree = "<group>";
		};
		739941591C4F6A0B003703F6 /* 小精灵Tests */ = {
			isa = PBXGroup;
			children = (
				7399415A1C4F6A0B003703F6 /* ___Tests.m */,
				7399415C1C4F6A0B003703F6 /* Info.plist */,
			);
			path = "小精灵Tests";
			sourceTree = "<group>";
		};
		739941641C4F6A0B003703F6 /* 小精灵UITests */ = {
			isa = PBXGroup;
			children = (
				739941651C4F6A0B003703F6 /* ___UITests.m */,
				739941671C4F6A0B003703F6 /* Info.plist */,
			);
			path = "小精灵UITests";
			sourceTree = "<group>";
		};
		739941731C4F6A25003703F6 /* AFNetworking */ = {
			isa = PBXGroup;
			children = (
				739941741C4F6A25003703F6 /* AFHTTPSessionManager.h */,
				739941751C4F6A25003703F6 /* AFHTTPSessionManager.m */,
				739941761C4F6A25003703F6 /* AFNetworking.h */,
				739941771C4F6A25003703F6 /* AFNetworkReachabilityManager.h */,
				739941781C4F6A25003703F6 /* AFNetworkReachabilityManager.m */,
				739941791C4F6A25003703F6 /* AFSecurityPolicy.h */,
				7399417A1C4F6A25003703F6 /* AFSecurityPolicy.m */,
				7399417B1C4F6A25003703F6 /* AFURLRequestSerialization.h */,
				7399417C1C4F6A25003703F6 /* AFURLRequestSerialization.m */,
				7399417D1C4F6A25003703F6 /* AFURLResponseSerialization.h */,
				7399417E1C4F6A25003703F6 /* AFURLResponseSerialization.m */,
				7399417F1C4F6A25003703F6 /* AFURLSessionManager.h */,
				739941801C4F6A25003703F6 /* AFURLSessionManager.m */,
			);
			name = AFNetworking;
			path = ../AFNetworking;
			sourceTree = "<group>";
		};
		739941871C4F6A38003703F6 /* Controllers */ = {
			isa = PBXGroup;
			children = (
				739941B31C4F6EF7003703F6 /* citys */,
				7399418F1C4F6A9E003703F6 /* weather */,
				731125941C50A2B5000F017C /* News */,
				739941921C4F6AD4003703F6 /* user */,
			);
			path = Controllers;
			sourceTree = "<group>";
		};
		739941881C4F6A38003703F6 /* misc */ = {
			isa = PBXGroup;
			children = (
				7334908E1C5619FC0049B02D /* Info.plist */,
				73FF67DF1C54C6DC0038CA62 /* LaunchScreen.storyboard */,
				73FF67DD1C54C5080038CA62 /* Assets.xcassets */,
			);
			path = misc;
			sourceTree = "<group>";
		};
		739941891C4F6A38003703F6 /* Models */ = {
			isa = PBXGroup;
			children = (
				73EF25951C51BC5700134FD8 /* futureWeatherModel.h */,
				73EF25961C51BC5700134FD8 /* futureWeatherModel.m */,
			);
			path = Models;
			sourceTree = "<group>";
		};
		7399418A1C4F6A38003703F6 /* Source */ = {
			isa = PBXGroup;
			children = (
				7311258A1C507BB3000F017C /* JuheApisSDK */,
				739941731C4F6A25003703F6 /* AFNetworking */,
				739941BB1C4F7C7A003703F6 /* Header.h */,
			);
			path = Source;
			sourceTree = "<group>";
		};
		7399418B1C4F6A38003703F6 /* Views */ = {
			isa = PBXGroup;
			children = (
				733323C31C53561B00D7B272 /* Main.storyboard */,
				733323C01C53558100D7B272 /* AppDelegate.h */,
				733323C11C53558100D7B272 /* AppDelegate.m */,
			);
			path = Views;
			sourceTree = "<group>";
		};
		7399418F1C4F6A9E003703F6 /* weather */ = {
			isa = PBXGroup;
			children = (
				7399418C1C4F6A8B003703F6 /* weatherViewController.h */,
				7399418D1C4F6A8B003703F6 /* weatherViewController.m */,
				731B2DC21C51054200DB8D84 /* futureWeayherViewController.h */,
				731B2DC31C51054200DB8D84 /* futureWeayherViewController.m */,
			);
			name = weather;
			sourceTree = "<group>";
		};
		739941921C4F6AD4003703F6 /* user */ = {
			isa = PBXGroup;
			children = (
				739941991C4F6AFD003703F6 /* userViewController.h */,
				7399419A1C4F6AFD003703F6 /* userViewController.m */,
			);
			name = user;
			sourceTree = "<group>";
		};
		739941B01C4F6C93003703F6 /* weather */ = {
			isa = PBXGroup;
			children = (
				7399419C1C4F6C88003703F6 /* cloud.jpg */,
				7399419D1C4F6C88003703F6 /* cloudy.jpg */,
				7399419E1C4F6C88003703F6 /* fog.jpg */,
				7399419F1C4F6C88003703F6 /* night.jpg */,
				739941A41C4F6C88003703F6 /* sunny.jpg */,
				739941A01C4F6C88003703F6 /* nightcloud.jpg */,
				739941A11C4F6C88003703F6 /* rain.jpg */,
				739941A21C4F6C88003703F6 /* sandstorm.jpg */,
				739941A31C4F6C88003703F6 /* snow.jpg */,
				739941A51C4F6C88003703F6 /* thunderstorm.jpg */,
			);
			name = weather;
			sourceTree = "<group>";
		};
		739941B31C4F6EF7003703F6 /* citys */ = {
			isa = PBXGroup;
			children = (
				739941B41C4F6F0A003703F6 /* citysViewController.h */,
				739941B51C4F6F0A003703F6 /* citysViewController.m */,
			);
			name = citys;
			sourceTree = "<group>";
		};
/* End PBXGroup section */

/* Begin PBXNativeTarget section */
		7399413C1C4F6A0B003703F6 /* 小精灵 */ = {
			isa = PBXNativeTarget;
			buildConfigurationList = 7399416A1C4F6A0B003703F6 /* Build configuration list for PBXNativeTarget "小精灵" */;
			buildPhases = (
				739941391C4F6A0B003703F6 /* Sources */,
				7399413A1C4F6A0B003703F6 /* Frameworks */,
				7399413B1C4F6A0B003703F6 /* Resources */,
			);
			buildRules = (
			);
			dependencies = (
			);
			name = "小精灵";
			productName = "小精灵";
			productReference = 7399413D1C4F6A0B003703F6 /* 小精灵.app */;
			productType = "com.apple.product-type.application";
		};
		739941551C4F6A0B003703F6 /* 小精灵Tests */ = {
			isa = PBXNativeTarget;
			buildConfigurationList = 7399416D1C4F6A0B003703F6 /* Build configuration list for PBXNativeTarget "小精灵Tests" */;
			buildPhases = (
				739941521C4F6A0B003703F6 /* Sources */,
				739941531C4F6A0B003703F6 /* Frameworks */,
				739941541C4F6A0B003703F6 /* Resources */,
			);
			buildRules = (
			);
			dependencies = (
				739941581C4F6A0B003703F6 /* PBXTargetDependency */,
			);
			name = "小精灵Tests";
			productName = "小精灵Tests";
			productReference = 739941561C4F6A0B003703F6 /* 小精灵Tests.xctest */;
			productType = "com.apple.product-type.bundle.unit-test";
		};
		739941601C4F6A0B003703F6 /* 小精灵UITests */ = {
			isa = PBXNativeTarget;
			buildConfigurationList = 739941701C4F6A0B003703F6 /* Build configuration list for PBXNativeTarget "小精灵UITests" */;
			buildPhases = (
				7399415D1C4F6A0B003703F6 /* Sources */,
				7399415E1C4F6A0B003703F6 /* Frameworks */,
				7399415F1C4F6A0B003703F6 /* Resources */,
			);
			buildRules = (
			);
			dependencies = (
				739941631C4F6A0B003703F6 /* PBXTargetDependency */,
			);
			name = "小精灵UITests";
			productName = "小精灵UITests";
			productReference = 739941611C4F6A0B003703F6 /* 小精灵UITests.xctest */;
			productType = "com.apple.product-type.bundle.ui-testing";
		};
/* End PBXNativeTarget section */

/* Begin PBXProject section */
		739941351C4F6A0B003703F6 /* Project object */ = {
			isa = PBXProject;
			attributes = {
				LastUpgradeCheck = 0720;
				ORGANIZATIONNAME = kaifeng;
				TargetAttributes = {
					7399413C1C4F6A0B003703F6 = {
						CreatedOnToolsVersion = 7.2;
						DevelopmentTeam = 2KTXQ3SG23;
					};
					739941551C4F6A0B003703F6 = {
						CreatedOnToolsVersion = 7.2;
						DevelopmentTeam = 2KTXQ3SG23;
						TestTargetID = 7399413C1C4F6A0B003703F6;
					};
					739941601C4F6A0B003703F6 = {
						CreatedOnToolsVersion = 7.2;
						DevelopmentTeam = 2KTXQ3SG23;
						TestTargetID = 7399413C1C4F6A0B003703F6;
					};
				};
			};
			buildConfigurationList = 739941381C4F6A0B003703F6 /* Build configuration list for PBXProject "小精灵" */;
			compatibilityVersion = "Xcode 3.2";
			developmentRegion = English;
			hasScannedForEncodings = 0;
			knownRegions = (
				en,
				Base,
			);
			mainGroup = 739941341C4F6A0B003703F6;
			productRefGroup = 7399413E1C4F6A0B003703F6 /* Products */;
			projectDirPath = "";
			projectRoot = "";
			targets = (
				7399413C1C4F6A0B003703F6 /* 小精灵 */,
				739941551C4F6A0B003703F6 /* 小精灵Tests */,
				739941601C4F6A0B003703F6 /* 小精灵UITests */,
			);
		};
/* End PBXProject section */

/* Begin PBXResourcesBuildPhase section */
		7399413B1C4F6A0B003703F6 /* Resources */ = {
			isa = PBXResourcesBuildPhase;
			buildActionMask = 2147483647;
			files = (
				739941AF1C4F6C88003703F6 /* thunderstorm.jpg in Resources */,
				739941A81C4F6C88003703F6 /* fog.jpg in Resources */,
				739941AE1C4F6C88003703F6 /* sunny.jpg in Resources */,
				739941AB1C4F6C88003703F6 /* rain.jpg in Resources */,
				733323C51C53561B00D7B272 /* Main.storyboard in Resources */,
				739941AC1C4F6C88003703F6 /* sandstorm.jpg in Resources */,
				739941B21C4F6DCF003703F6 /* icon.png in Resources */,
				73FF67E11C54C6DC0038CA62 /* LaunchScreen.storyboard in Resources */,
				739941B81C4F6F2B003703F6 /* O.png in Resources */,
				739941AD1C4F6C88003703F6 /* snow.jpg in Resources */,
				739941A71C4F6C88003703F6 /* cloudy.jpg in Resources */,
				739941A61C4F6C88003703F6 /* cloud.jpg in Resources */,
				739941BA1C4F7A4F003703F6 /* city.plist in Resources */,
				739941AA1C4F6C88003703F6 /* nightcloud.jpg in Resources */,
				739941A91C4F6C88003703F6 /* night.jpg in Resources */,
				73FF67DE1C54C5080038CA62 /* Assets.xcassets in Resources */,
				73B2F5901C5219DC00CCB9C6 /* a.png in Resources */,
			);
			runOnlyForDeploymentPostprocessing = 0;
		};
		739941541C4F6A0B003703F6 /* Resources */ = {
			isa = PBXResourcesBuildPhase;
			buildActionMask = 2147483647;
			files = (
			);
			runOnlyForDeploymentPostprocessing = 0;
		};
		7399415F1C4F6A0B003703F6 /* Resources */ = {
			isa = PBXResourcesBuildPhase;
			buildActionMask = 2147483647;
			files = (
			);
			runOnlyForDeploymentPostprocessing = 0;
		};
/* End PBXResourcesBuildPhase section */

/* Begin PBXSourcesBuildPhase section */
		739941391C4F6A0B003703F6 /* Sources */ = {
			isa = PBXSourcesBuildPhase;
			buildActionMask = 2147483647;
			files = (
				739941861C4F6A25003703F6 /* AFURLSessionManager.m in Sources */,
				739941821C4F6A25003703F6 /* AFNetworkReachabilityManager.m in Sources */,
				733323C21C53558100D7B272 /* AppDelegate.m in Sources */,
				739941421C4F6A0B003703F6 /* main.m in Sources */,
				739941831C4F6A25003703F6 /* AFSecurityPolicy.m in Sources */,
				739941841C4F6A25003703F6 /* AFURLRequestSerialization.m in Sources */,
				731B2DC41C51054200DB8D84 /* futureWeayherViewController.m in Sources */,
				739941851C4F6A25003703F6 /* AFURLResponseSerialization.m in Sources */,
				7399419B1C4F6AFD003703F6 /* userViewController.m in Sources */,
				73B2F5891C51DFFC00CCB9C6 /* secondNewsViewController.m in Sources */,
				739941B61C4F6F0A003703F6 /* citysViewController.m in Sources */,
				731125971C50A2D8000F017C /* newsViewController.m in Sources */,
				73B2F58C1C51EF8A00CCB9C6 /* thirdViewController.m in Sources */,
				739941811C4F6A25003703F6 /* AFHTTPSessionManager.m in Sources */,
				7399418E1C4F6A8B003703F6 /* weatherViewController.m in Sources */,
				73EF25971C51BC5700134FD8 /* futureWeatherModel.m in Sources */,
			);
			runOnlyForDeploymentPostprocessing = 0;
		};
		739941521C4F6A0B003703F6 /* Sources */ = {
			isa = PBXSourcesBuildPhase;
			buildActionMask = 2147483647;
			files = (
				7399415B1C4F6A0B003703F6 /* ___Tests.m in Sources */,
			);
			runOnlyForDeploymentPostprocessing = 0;
		};
		7399415D1C4F6A0B003703F6 /* Sources */ = {
			isa = PBXSourcesBuildPhase;
			buildActionMask = 2147483647;
			files = (
				739941661C4F6A0B003703F6 /* ___UITests.m in Sources */,
			);
			runOnlyForDeploymentPostprocessing = 0;
		};
/* End PBXSourcesBuildPhase section */

/* Begin PBXTargetDependency section */
		739941581C4F6A0B003703F6 /* PBXTargetDependency */ = {
			isa = PBXTargetDependency;
			target = 7399413C1C4F6A0B003703F6 /* 小精灵 */;
			targetProxy = 739941571C4F6A0B003703F6 /* PBXContainerItemProxy */;
		};
		739941631C4F6A0B003703F6 /* PBXTargetDependency */ = {
			isa = PBXTargetDependency;
			target = 7399413C1C4F6A0B003703F6 /* 小精灵 */;
			targetProxy = 739941621C4F6A0B003703F6 /* PBXContainerItemProxy */;
		};
/* End PBXTargetDependency section */

/* Begin PBXVariantGroup section */
		733323C31C53561B00D7B272 /* Main.storyboard */ = {
			isa = PBXVariantGroup;
			children = (
				733323C41C53561B00D7B272 /* Base */,
			);
			name = Main.storyboard;
			sourceTree = "<group>";
		};
		73FF67DF1C54C6DC0038CA62 /* LaunchScreen.storyboard */ = {
			isa = PBXVariantGroup;
			children = (
				73FF67E01C54C6DC0038CA62 /* Base */,
			);
			name = LaunchScreen.storyboard;
			sourceTree = "<group>";
		};
/* End PBXVariantGroup section */

/* Begin XCBuildConfiguration section */
		739941681C4F6A0B003703F6 /* Debug */ = {
			isa = XCBuildConfiguration;
			buildSettings = {
				ALWAYS_SEARCH_USER_PATHS = NO;
				CLANG_CXX_LANGUAGE_STANDARD = "gnu++0x";
				CLANG_CXX_LIBRARY = "libc++";
				CLANG_ENABLE_MODULES = YES;
				CLANG_ENABLE_OBJC_ARC = YES;
				CLANG_WARN_BOOL_CONVERSION = YES;
				CLANG_WARN_CONSTANT_CONVERSION = YES;
				CLANG_WARN_DIRECT_OBJC_ISA_USAGE = YES_ERROR;
				CLANG_WARN_EMPTY_BODY = YES;
				CLANG_WARN_ENUM_CONVERSION = YES;
				CLANG_WARN_INT_CONVERSION = YES;
				CLANG_WARN_OBJC_ROOT_CLASS = YES_ERROR;
				CLANG_WARN_UNREACHABLE_CODE = YES;
				CLANG_WARN__DUPLICATE_METHOD_MATCH = YES;
				CODE_SIGN_IDENTITY = "iPhone Distribution: Henan Qingyun Information Technology Co., Ltd. (LSRRXAH5MP)";
				
				COPY_PHASE_STRIP = NO;
				DEBUG_INFORMATION_FORMAT = dwarf;
				ENABLE_STRICT_OBJC_MSGSEND = YES;
				ENABLE_TESTABILITY = YES;
				GCC_C_LANGUAGE_STANDARD = gnu99;
				GCC_DYNAMIC_NO_PIC = NO;
				GCC_NO_COMMON_BLOCKS = YES;
				GCC_OPTIMIZATION_LEVEL = 0;
				GCC_PREPROCESSOR_DEFINITIONS = (
					"DEBUG=1",
					"$(inherited)",
				);
				GCC_WARN_64_TO_32_BIT_CONVERSION = YES;
				GCC_WARN_ABOUT_RETURN_TYPE = YES_ERROR;
				GCC_WARN_UNDECLARED_SELECTOR = YES;
				GCC_WARN_UNINITIALIZED_AUTOS = YES_AGGRESSIVE;
				GCC_WARN_UNUSED_FUNCTION = YES;
				GCC_WARN_UNUSED_VARIABLE = YES;
				IPHONEOS_DEPLOYMENT_TARGET = 9.2;
				MTL_ENABLE_DEBUG_INFO = YES;
				ONLY_ACTIVE_ARCH = YES;
				
				SDKROOT = iphoneos;
			};
			name = Debug;
		};
		739941691C4F6A0B003703F6 /* Release */ = {
			isa = XCBuildConfiguration;
			buildSettings = {
				ALWAYS_SEARCH_USER_PATHS = NO;
				CLANG_CXX_LANGUAGE_STANDARD = "gnu++0x";
				CLANG_CXX_LIBRARY = "libc++";
				CLANG_ENABLE_MODULES = YES;
				CLANG_ENABLE_OBJC_ARC = YES;
				CLANG_WARN_BOOL_CONVERSION = YES;
				CLANG_WARN_CONSTANT_CONVERSION = YES;
				CLANG_WARN_DIRECT_OBJC_ISA_USAGE = YES_ERROR;
				CLANG_WARN_EMPTY_BODY = YES;
				CLANG_WARN_ENUM_CONVERSION = YES;
				CLANG_WARN_INT_CONVERSION = YES;
				CLANG_WARN_OBJC_ROOT_CLASS = YES_ERROR;
				CLANG_WARN_UNREACHABLE_CODE = YES;
				CLANG_WARN__DUPLICATE_METHOD_MATCH = YES;
				CODE_SIGN_IDENTITY = "iPhone Distribution: Henan Qingyun Information Technology Co., Ltd. (LSRRXAH5MP)";
				
				COPY_PHASE_STRIP = NO;
				DEBUG_INFORMATION_FORMAT = "dwarf-with-dsym";
				ENABLE_NS_ASSERTIONS = NO;
				ENABLE_STRICT_OBJC_MSGSEND = YES;
				GCC_C_LANGUAGE_STANDARD = gnu99;
				GCC_NO_COMMON_BLOCKS = YES;
				GCC_WARN_64_TO_32_BIT_CONVERSION = YES;
				GCC_WARN_ABOUT_RETURN_TYPE = YES_ERROR;
				GCC_WARN_UNDECLARED_SELECTOR = YES;
				GCC_WARN_UNINITIALIZED_AUTOS = YES_AGGRESSIVE;
				GCC_WARN_UNUSED_FUNCTION = YES;
				GCC_WARN_UNUSED_VARIABLE = YES;
				IPHONEOS_DEPLOYMENT_TARGET = 9.2;
				MTL_ENABLE_DEBUG_INFO = NO;
				
				SDKROOT = iphoneos;
				VALIDATE_PRODUCT = YES;
			};
			name = Release;
		};
		7399416B1C4F6A0B003703F6 /* Debug */ = {
			isa = XCBuildConfiguration;
			buildSettings = {
				ASSETCATALOG_COMPILER_APPICON_NAME = AppIcon;
				CODE_SIGN_IDENTITY = "iPhone Distribution: Henan Qingyun Information Technology Co., Ltd. (LSRRXAH5MP)";
				
				INFOPLIST_FILE = "小精灵/Info.plist";
				LD_RUNPATH_SEARCH_PATHS = "$(inherited) @executable_path/Frameworks";
				LIBRARY_SEARCH_PATHS = (
					"$(inherited)",
					"$(PROJECT_DIR)/小精灵/Source/JuheApisSDK",
				);
				PRODUCT_BUNDLE_IDENTIFIER = cim.qingyun15096kaifeng.Elfin;
				PRODUCT_NAME = "$(TARGET_NAME)";
				
			};
			name = Debug;
		};
		7399416C1C4F6A0B003703F6 /* Release */ = {
			isa = XCBuildConfiguration;
			buildSettings = {
				ASSETCATALOG_COMPILER_APPICON_NAME = AppIcon;
				CODE_SIGN_IDENTITY = "iPhone Distribution: Henan Qingyun Information Technology Co., Ltd. (LSRRXAH5MP)";
				
				INFOPLIST_FILE = "小精灵/Info.plist";
				LD_RUNPATH_SEARCH_PATHS = "$(inherited) @executable_path/Frameworks";
				LIBRARY_SEARCH_PATHS = (
					"$(inherited)",
					"$(PROJECT_DIR)/小精灵/Source/JuheApisSDK",
				);
				PRODUCT_BUNDLE_IDENTIFIER = cim.qingyun15096kaifeng.Elfin;
				PRODUCT_NAME = "$(TARGET_NAME)";
				
			};
			name = Release;
		};
		7399416E1C4F6A0B003703F6 /* Debug */ = {
			isa = XCBuildConfiguration;
			buildSettings = {
				BUNDLE_LOADER = "$(TEST_HOST)";
				INFOPLIST_FILE = "小精灵Tests/Info.plist";
				LD_RUNPATH_SEARCH_PATHS = "$(inherited) @executable_path/Frameworks @loader_path/Frameworks";
				PRODUCT_BUNDLE_IDENTIFIER = "com.qingyun.---Tests";
				PRODUCT_NAME = "$(TARGET_NAME)";
				TEST_HOST = "$(BUILT_PRODUCTS_DIR)/小精灵.app/小精灵";
			};
			name = Debug;
		};
		7399416F1C4F6A0B003703F6 /* Release */ = {
			isa = XCBuildConfiguration;
			buildSettings = {
				BUNDLE_LOADER = "$(TEST_HOST)";
				INFOPLIST_FILE = "小精灵Tests/Info.plist";
				LD_RUNPATH_SEARCH_PATHS = "$(inherited) @executable_path/Frameworks @loader_path/Frameworks";
				PRODUCT_BUNDLE_IDENTIFIER = "com.qingyun.---Tests";
				PRODUCT_NAME = "$(TARGET_NAME)";
				TEST_HOST = "$(BUILT_PRODUCTS_DIR)/小精灵.app/小精灵";
			};
			name = Release;
		};
		739941711C4F6A0B003703F6 /* Debug */ = {
			isa = XCBuildConfiguration;
			buildSettings = {
				INFOPLIST_FILE = "小精灵UITests/Info.plist";
				LD_RUNPATH_SEARCH_PATHS = "$(inherited) @executable_path/Frameworks @loader_path/Frameworks";
				PRODUCT_BUNDLE_IDENTIFIER = "com.qingyun.---UITests";
				PRODUCT_NAME = "$(TARGET_NAME)";
				TEST_TARGET_NAME = "小精灵";
				USES_XCTRUNNER = YES;
			};
			name = Debug;
		};
		739941721C4F6A0B003703F6 /* Release */ = {
			isa = XCBuildConfiguration;
			buildSettings = {
				INFOPLIST_FILE = "小精灵UITests/Info.plist";
				LD_RUNPATH_SEARCH_PATHS = "$(inherited) @executable_path/Frameworks @loader_path/Frameworks";
				PRODUCT_BUNDLE_IDENTIFIER = "com.qingyun.---UITests";
				PRODUCT_NAME = "$(TARGET_NAME)";
				TEST_TARGET_NAME = "小精灵";
				USES_XCTRUNNER = YES;
			};
			name = Release;
		};
/* End XCBuildConfiguration section */

/* Begin XCConfigurationList section */
		739941381C4F6A0B003703F6 /* Build configuration list for PBXProject "小精灵" */ = {
			isa = XCConfigurationList;
			buildConfigurations = (
				739941681C4F6A0B003703F6 /* Debug */,
				739941691C4F6A0B003703F6 /* Release */,
			);
			defaultConfigurationIsVisible = 0;
			defaultConfigurationName = Release;
		};
		7399416A1C4F6A0B003703F6 /* Build configuration list for PBXNativeTarget "小精灵" */ = {
			isa = XCConfigurationList;
			buildConfigurations = (
				7399416B1C4F6A0B003703F6 /* Debug */,
				7399416C1C4F6A0B003703F6 /* Release */,
			);
			defaultConfigurationIsVisible = 0;
			defaultConfigurationName = Release;
		};
		7399416D1C4F6A0B003703F6 /* Build configuration list for PBXNativeTarget "小精灵Tests" */ = {
			isa = XCConfigurationList;
			buildConfigurations = (
				7399416E1C4F6A0B003703F6 /* Debug */,
				7399416F1C4F6A0B003703F6 /* Release */,
			);
			defaultConfigurationIsVisible = 0;
			defaultConfigurationName = Release;
		};
		739941701C4F6A0B003703F6 /* Build configuration list for PBXNativeTarget "小精灵UITests" */ = {
			isa = XCConfigurationList;
			buildConfigurations = (
				739941711C4F6A0B003703F6 /* Debug */,
				739941721C4F6A0B003703F6 /* Release */,
			);
			defaultConfigurationIsVisible = 0;
			defaultConfigurationName = Release;
		};
/* End XCConfigurationList section */
	};
	rootObject = 739941351C4F6A0B003703F6 /* Project object */;
}
